lockfileVersion: '9.0'

settings:
  autoInstallPeers: true
  excludeLinksFromLockfile: false

importers:

  .:
    dependencies:
      cropperjs:
        specifier: ^1.6.2
        version: 1.6.2

packages:

  cropperjs@1.6.2:
    resolution: {integrity: sha512-nhymn9GdnV3CqiEHJVai54TULFAE3VshJTXSqSJKa8yXAKyBKDWdhHarnlIPrshJ0WMFTGuFvG02YjLXfPiuOA==}

snapshots:

  cropperjs@1.6.2: {}
